<?xml version="1.0" encoding="utf-8"?>
<Project ToolsVersion="4.0" xmlns="http://schemas.microsoft.com/developer/msbuild/2003">
  <ItemGroup>
    <Filter Include="Galactica">
      <UniqueIdentifier>{3E73A828-AADD-5C9F-F31B-0E455FC53AF4}</UniqueIdentifier>
    </Filter>
    <Filter Include="Galactica\Logger">
      <UniqueIdentifier>{4DB78681-39B0-A5D3-62E2-8A584E3A85DF}</UniqueIdentifier>
    </Filter>
  </ItemGroup>
  <ItemGroup>
    <ClInclude Include="src\Galactica.h" />
    <ClInclude Include="src\Galactica\Application.h">
      <Filter>Galactica</Filter>
    </ClInclude>
    <ClInclude Include="src\Galactica\Core.h">
      <Filter>Galactica</Filter>
    </ClInclude>
    <ClInclude Include="src\Galactica\EntryPoint.h">
      <Filter>Galactica</Filter>
    </ClInclude>
    <ClInclude Include="src\Galactica\Logger\Logger.h">
      <Filter>Galactica\Logger</Filter>
    </ClInclude>
  </ItemGroup>
  <ItemGroup>
    <ClCompile Include="src\Galactica\Application.cpp">
      <Filter>Galactica</Filter>
    </ClCompile>
    <ClCompile Include="src\Galactica\Logger\Logger.cpp">
      <Filter>Galactica\Logger</Filter>
    </ClCompile>
  </ItemGroup>
</Project>